
Microsoft Visual Studio Solution File, Format Version 12.00
# Visual Studio Version 16
VisualStudioVersion = 16.0.30114.105
MinimumVisualStudioVersion = 10.0.40219.1
Project("{2150E333-8FDC-42A3-9474-1A3956D46DE8}") = "MicroPack", "MicroPack", "{7684682F-A778-438E-B1BE-D82D9E79EF41}"
EndProject
Project("{FAE04EC0-301F-11D3-BF4B-00C04F79EFBC}") = "MicroPack", "MicroPack\src\MicroPack.csproj", "{CE64AF76-63D1-41A7-8B46-D3ADDD1B7547}"
EndProject
Project("{2150E333-8FDC-42A3-9474-1A3956D46DE8}") = "Students", "Students", "{A2456896-ADA1-4A6F-9E00-A2E6F01E54BF}"
EndProject
Project("{FAE04EC0-301F-11D3-BF4B-00C04F79EFBC}") = "University.Students.Api", "University.Students\src\University.Students.Api\University.Students.Api.csproj", "{F5752E05-86B0-4D31-B6E1-6D1E5EDA02B7}"
EndProject
Project("{FAE04EC0-301F-11D3-BF4B-00C04F79EFBC}") = "University.Students.Application", "University.Students\src\University.Students.Application\University.Students.Application.csproj", "{BC0662F9-3C09-431A-AB4A-923DA5E1242B}"
EndProject
Project("{FAE04EC0-301F-11D3-BF4B-00C04F79EFBC}") = "University.Students.Core", "University.Students\src\University.Students.Core\University.Students.Core.csproj", "{1393E6DE-03E8-4054-BC66-662AE8FBD294}"
EndProject
Project("{FAE04EC0-301F-11D3-BF4B-00C04F79EFBC}") = "University.Students.Infrastructure", "University.Students\src\University.Students.Infrastructure\University.Students.Infrastructure.csproj", "{4432C3CF-72E3-49E2-B173-B7EFB599EE5C}"
EndProject
Project("{2150E333-8FDC-42A3-9474-1A3956D46DE8}") = "Departments", "Departments", "{8FF480BB-2946-40B2-9BD1-8181EAB3DBE8}"
EndProject
Project("{2150E333-8FDC-42A3-9474-1A3956D46DE8}") = "Courses", "Courses", "{3267F337-D29F-496D-8F8E-AE00A7E58BD3}"
EndProject
Project("{FAE04EC0-301F-11D3-BF4B-00C04F79EFBC}") = "University.Cources.Api", "University.Courses\src\University.Cources.Api\University.Cources.Api.csproj", "{39AB1B5C-DACE-4BA1-920B-7676EC390C17}"
EndProject
Project("{FAE04EC0-301F-11D3-BF4B-00C04F79EFBC}") = "University.Cources.Application", "University.Courses\src\University.Cources.Application\University.Cources.Application.csproj", "{122FC192-240C-4F66-A478-0CE6B5DE0EEE}"
EndProject
Project("{FAE04EC0-301F-11D3-BF4B-00C04F79EFBC}") = "University.Cources.Core", "University.Courses\src\University.Cources.Core\University.Cources.Core.csproj", "{5B1D1F5E-0F45-4BF2-8C24-0AF779A1A866}"
EndProject
Project("{FAE04EC0-301F-11D3-BF4B-00C04F79EFBC}") = "University.Cources.Infrastructure", "University.Courses\src\University.Cources.Infrastructure\University.Cources.Infrastructure.csproj", "{A2B57A38-7916-485A-9724-D342A39E0AAD}"
EndProject
Project("{FAE04EC0-301F-11D3-BF4B-00C04F79EFBC}") = "University.Departments.Api", "University.Departments\src\University.Departments.Api\University.Departments.Api.csproj", "{6F450745-0585-455D-B76E-7D59CA97895C}"
EndProject
Project("{FAE04EC0-301F-11D3-BF4B-00C04F79EFBC}") = "University.Departments.Application", "University.Departments\src\University.Departments.Application\University.Departments.Application.csproj", "{41B4DA70-E050-48C4-8800-6DCF1EBFC1D8}"
EndProject
Project("{FAE04EC0-301F-11D3-BF4B-00C04F79EFBC}") = "University.Departments.Core", "University.Departments\src\University.Departments.Core\University.Departments.Core.csproj", "{B90A6DA2-A711-4F85-A7E1-2FF86866703C}"
EndProject
Project("{FAE04EC0-301F-11D3-BF4B-00C04F79EFBC}") = "University.Departments.Infrastructure", "University.Departments\src\University.Departments.Infrastructure\University.Departments.Infrastructure.csproj", "{82A3C113-9192-49CF-B92D-60BB90259C26}"
EndProject
Project("{2150E333-8FDC-42A3-9474-1A3956D46DE8}") = "Instructors", "Instructors", "{8D99ACEE-26C5-436E-A56C-EBCCEBB336FA}"
EndProject
Project("{FAE04EC0-301F-11D3-BF4B-00C04F79EFBC}") = "University.Instructors.Api", "University.Instructors\src\University.Instructors.Api\University.Instructors.Api.csproj", "{94480D3A-93BA-49D0-8C44-402AE8BBF404}"
EndProject
Project("{FAE04EC0-301F-11D3-BF4B-00C04F79EFBC}") = "University.Instructors.Application", "University.Instructors\src\University.Instructors.Application\University.Instructors.Application.csproj", "{14CDEC22-86E1-4BE4-B660-84B52584247E}"
EndProject
Project("{FAE04EC0-301F-11D3-BF4B-00C04F79EFBC}") = "University.Instructors.Core", "University.Instructors\src\University.Instructors.Core\University.Instructors.Core.csproj", "{ECADE207-8B1A-41C9-882D-3388080CD63A}"
EndProject
Project("{FAE04EC0-301F-11D3-BF4B-00C04F79EFBC}") = "University.Instructors.Infrastructure", "University.Instructors\src\University.Instructors.Infrastructure\University.Instructors.Infrastructure.csproj", "{F6D7FFF5-CBA8-4AE5-A1E4-60A5A136D0ED}"
EndProject
Global
	GlobalSection(SolutionConfigurationPlatforms) = preSolution
		Debug|Any CPU = Debug|Any CPU
		Debug|x64 = Debug|x64
		Debug|x86 = Debug|x86
		Release|Any CPU = Release|Any CPU
		Release|x64 = Release|x64
		Release|x86 = Release|x86
	EndGlobalSection
	GlobalSection(SolutionProperties) = preSolution
		HideSolutionNode = FALSE
	EndGlobalSection
	GlobalSection(NestedProjects) = preSolution
		{CE64AF76-63D1-41A7-8B46-D3ADDD1B7547} = {7684682F-A778-438E-B1BE-D82D9E79EF41}
		{F5752E05-86B0-4D31-B6E1-6D1E5EDA02B7} = {A2456896-ADA1-4A6F-9E00-A2E6F01E54BF}
		{BC0662F9-3C09-431A-AB4A-923DA5E1242B} = {A2456896-ADA1-4A6F-9E00-A2E6F01E54BF}
		{1393E6DE-03E8-4054-BC66-662AE8FBD294} = {A2456896-ADA1-4A6F-9E00-A2E6F01E54BF}
		{4432C3CF-72E3-49E2-B173-B7EFB599EE5C} = {A2456896-ADA1-4A6F-9E00-A2E6F01E54BF}
		{39AB1B5C-DACE-4BA1-920B-7676EC390C17} = {3267F337-D29F-496D-8F8E-AE00A7E58BD3}
		{122FC192-240C-4F66-A478-0CE6B5DE0EEE} = {3267F337-D29F-496D-8F8E-AE00A7E58BD3}
		{5B1D1F5E-0F45-4BF2-8C24-0AF779A1A866} = {3267F337-D29F-496D-8F8E-AE00A7E58BD3}
		{A2B57A38-7916-485A-9724-D342A39E0AAD} = {3267F337-D29F-496D-8F8E-AE00A7E58BD3}
		{6F450745-0585-455D-B76E-7D59CA97895C} = {8FF480BB-2946-40B2-9BD1-8181EAB3DBE8}
		{41B4DA70-E050-48C4-8800-6DCF1EBFC1D8} = {8FF480BB-2946-40B2-9BD1-8181EAB3DBE8}
		{B90A6DA2-A711-4F85-A7E1-2FF86866703C} = {8FF480BB-2946-40B2-9BD1-8181EAB3DBE8}
		{82A3C113-9192-49CF-B92D-60BB90259C26} = {8FF480BB-2946-40B2-9BD1-8181EAB3DBE8}
		{94480D3A-93BA-49D0-8C44-402AE8BBF404} = {8D99ACEE-26C5-436E-A56C-EBCCEBB336FA}
		{14CDEC22-86E1-4BE4-B660-84B52584247E} = {8D99ACEE-26C5-436E-A56C-EBCCEBB336FA}
		{ECADE207-8B1A-41C9-882D-3388080CD63A} = {8D99ACEE-26C5-436E-A56C-EBCCEBB336FA}
		{F6D7FFF5-CBA8-4AE5-A1E4-60A5A136D0ED} = {8D99ACEE-26C5-436E-A56C-EBCCEBB336FA}
	EndGlobalSection
	GlobalSection(ProjectConfigurationPlatforms) = postSolution
		{CE64AF76-63D1-41A7-8B46-D3ADDD1B7547}.Debug|Any CPU.ActiveCfg = Debug|Any CPU
		{CE64AF76-63D1-41A7-8B46-D3ADDD1B7547}.Debug|Any CPU.Build.0 = Debug|Any CPU
		{CE64AF76-63D1-41A7-8B46-D3ADDD1B7547}.Debug|x64.ActiveCfg = Debug|Any CPU
		{CE64AF76-63D1-41A7-8B46-D3ADDD1B7547}.Debug|x64.Build.0 = Debug|Any CPU
		{CE64AF76-63D1-41A7-8B46-D3ADDD1B7547}.Debug|x86.ActiveCfg = Debug|Any CPU
		{CE64AF76-63D1-41A7-8B46-D3ADDD1B7547}.Debug|x86.Build.0 = Debug|Any CPU
		{CE64AF76-63D1-41A7-8B46-D3ADDD1B7547}.Release|Any CPU.ActiveCfg = Release|Any CPU
		{CE64AF76-63D1-41A7-8B46-D3ADDD1B7547}.Release|Any CPU.Build.0 = Release|Any CPU
		{CE64AF76-63D1-41A7-8B46-D3ADDD1B7547}.Release|x64.ActiveCfg = Release|Any CPU
		{CE64AF76-63D1-41A7-8B46-D3ADDD1B7547}.Release|x64.Build.0 = Release|Any CPU
		{CE64AF76-63D1-41A7-8B46-D3ADDD1B7547}.Release|x86.ActiveCfg = Release|Any CPU
		{CE64AF76-63D1-41A7-8B46-D3ADDD1B7547}.Release|x86.Build.0 = Release|Any CPU
		{F5752E05-86B0-4D31-B6E1-6D1E5EDA02B7}.Debug|Any CPU.ActiveCfg = Debug|Any CPU
		{F5752E05-86B0-4D31-B6E1-6D1E5EDA02B7}.Debug|Any CPU.Build.0 = Debug|Any CPU
		{F5752E05-86B0-4D31-B6E1-6D1E5EDA02B7}.Debug|x64.ActiveCfg = Debug|Any CPU
		{F5752E05-86B0-4D31-B6E1-6D1E5EDA02B7}.Debug|x64.Build.0 = Debug|Any CPU
		{F5752E05-86B0-4D31-B6E1-6D1E5EDA02B7}.Debug|x86.ActiveCfg = Debug|Any CPU
		{F5752E05-86B0-4D31-B6E1-6D1E5EDA02B7}.Debug|x86.Build.0 = Debug|Any CPU
		{F5752E05-86B0-4D31-B6E1-6D1E5EDA02B7}.Release|Any CPU.ActiveCfg = Release|Any CPU
		{F5752E05-86B0-4D31-B6E1-6D1E5EDA02B7}.Release|Any CPU.Build.0 = Release|Any CPU
		{F5752E05-86B0-4D31-B6E1-6D1E5EDA02B7}.Release|x64.ActiveCfg = Release|Any CPU
		{F5752E05-86B0-4D31-B6E1-6D1E5EDA02B7}.Release|x64.Build.0 = Release|Any CPU
		{F5752E05-86B0-4D31-B6E1-6D1E5EDA02B7}.Release|x86.ActiveCfg = Release|Any CPU
		{F5752E05-86B0-4D31-B6E1-6D1E5EDA02B7}.Release|x86.Build.0 = Release|Any CPU
		{BC0662F9-3C09-431A-AB4A-923DA5E1242B}.Debug|Any CPU.ActiveCfg = Debug|Any CPU
		{BC0662F9-3C09-431A-AB4A-923DA5E1242B}.Debug|Any CPU.Build.0 = Debug|Any CPU
		{BC0662F9-3C09-431A-AB4A-923DA5E1242B}.Debug|x64.ActiveCfg = Debug|Any CPU
		{BC0662F9-3C09-431A-AB4A-923DA5E1242B}.Debug|x64.Build.0 = Debug|Any CPU
		{BC0662F9-3C09-431A-AB4A-923DA5E1242B}.Debug|x86.ActiveCfg = Debug|Any CPU
		{BC0662F9-3C09-431A-AB4A-923DA5E1242B}.Debug|x86.Build.0 = Debug|Any CPU
		{BC0662F9-3C09-431A-AB4A-923DA5E1242B}.Release|Any CPU.ActiveCfg = Release|Any CPU
		{BC0662F9-3C09-431A-AB4A-923DA5E1242B}.Release|Any CPU.Build.0 = Release|Any CPU
		{BC0662F9-3C09-431A-AB4A-923DA5E1242B}.Release|x64.ActiveCfg = Release|Any CPU
		{BC0662F9-3C09-431A-AB4A-923DA5E1242B}.Release|x64.Build.0 = Release|Any CPU
		{BC0662F9-3C09-431A-AB4A-923DA5E1242B}.Release|x86.ActiveCfg = Release|Any CPU
		{BC0662F9-3C09-431A-AB4A-923DA5E1242B}.Release|x86.Build.0 = Release|Any CPU
		{1393E6DE-03E8-4054-BC66-662AE8FBD294}.Debug|Any CPU.ActiveCfg = Debug|Any CPU
		{1393E6DE-03E8-4054-BC66-662AE8FBD294}.Debug|Any CPU.Build.0 = Debug|Any CPU
		{1393E6DE-03E8-4054-BC66-662AE8FBD294}.Debug|x64.ActiveCfg = Debug|Any CPU
		{1393E6DE-03E8-4054-BC66-662AE8FBD294}.Debug|x64.Build.0 = Debug|Any CPU
		{1393E6DE-03E8-4054-BC66-662AE8FBD294}.Debug|x86.ActiveCfg = Debug|Any CPU
		{1393E6DE-03E8-4054-BC66-662AE8FBD294}.Debug|x86.Build.0 = Debug|Any CPU
		{1393E6DE-03E8-4054-BC66-662AE8FBD294}.Release|Any CPU.ActiveCfg = Release|Any CPU
		{1393E6DE-03E8-4054-BC66-662AE8FBD294}.Release|Any CPU.Build.0 = Release|Any CPU
		{1393E6DE-03E8-4054-BC66-662AE8FBD294}.Release|x64.ActiveCfg = Release|Any CPU
		{1393E6DE-03E8-4054-BC66-662AE8FBD294}.Release|x64.Build.0 = Release|Any CPU
		{1393E6DE-03E8-4054-BC66-662AE8FBD294}.Release|x86.ActiveCfg = Release|Any CPU
		{1393E6DE-03E8-4054-BC66-662AE8FBD294}.Release|x86.Build.0 = Release|Any CPU
		{4432C3CF-72E3-49E2-B173-B7EFB599EE5C}.Debug|Any CPU.ActiveCfg = Debug|Any CPU
		{4432C3CF-72E3-49E2-B173-B7EFB599EE5C}.Debug|Any CPU.Build.0 = Debug|Any CPU
		{4432C3CF-72E3-49E2-B173-B7EFB599EE5C}.Debug|x64.ActiveCfg = Debug|Any CPU
		{4432C3CF-72E3-49E2-B173-B7EFB599EE5C}.Debug|x64.Build.0 = Debug|Any CPU
		{4432C3CF-72E3-49E2-B173-B7EFB599EE5C}.Debug|x86.ActiveCfg = Debug|Any CPU
		{4432C3CF-72E3-49E2-B173-B7EFB599EE5C}.Debug|x86.Build.0 = Debug|Any CPU
		{4432C3CF-72E3-49E2-B173-B7EFB599EE5C}.Release|Any CPU.ActiveCfg = Release|Any CPU
		{4432C3CF-72E3-49E2-B173-B7EFB599EE5C}.Release|Any CPU.Build.0 = Release|Any CPU
		{4432C3CF-72E3-49E2-B173-B7EFB599EE5C}.Release|x64.ActiveCfg = Release|Any CPU
		{4432C3CF-72E3-49E2-B173-B7EFB599EE5C}.Release|x64.Build.0 = Release|Any CPU
		{4432C3CF-72E3-49E2-B173-B7EFB599EE5C}.Release|x86.ActiveCfg = Release|Any CPU
		{4432C3CF-72E3-49E2-B173-B7EFB599EE5C}.Release|x86.Build.0 = Release|Any CPU
		{39AB1B5C-DACE-4BA1-920B-7676EC390C17}.Debug|Any CPU.ActiveCfg = Debug|Any CPU
		{39AB1B5C-DACE-4BA1-920B-7676EC390C17}.Debug|Any CPU.Build.0 = Debug|Any CPU
		{39AB1B5C-DACE-4BA1-920B-7676EC390C17}.Debug|x64.ActiveCfg = Debug|Any CPU
		{39AB1B5C-DACE-4BA1-920B-7676EC390C17}.Debug|x64.Build.0 = Debug|Any CPU
		{39AB1B5C-DACE-4BA1-920B-7676EC390C17}.Debug|x86.ActiveCfg = Debug|Any CPU
		{39AB1B5C-DACE-4BA1-920B-7676EC390C17}.Debug|x86.Build.0 = Debug|Any CPU
		{39AB1B5C-DACE-4BA1-920B-7676EC390C17}.Release|Any CPU.ActiveCfg = Release|Any CPU
		{39AB1B5C-DACE-4BA1-920B-7676EC390C17}.Release|Any CPU.Build.0 = Release|Any CPU
		{39AB1B5C-DACE-4BA1-920B-7676EC390C17}.Release|x64.ActiveCfg = Release|Any CPU
		{39AB1B5C-DACE-4BA1-920B-7676EC390C17}.Release|x64.Build.0 = Release|Any CPU
		{39AB1B5C-DACE-4BA1-920B-7676EC390C17}.Release|x86.ActiveCfg = Release|Any CPU
		{39AB1B5C-DACE-4BA1-920B-7676EC390C17}.Release|x86.Build.0 = Release|Any CPU
		{122FC192-240C-4F66-A478-0CE6B5DE0EEE}.Debug|Any CPU.ActiveCfg = Debug|Any CPU
		{122FC192-240C-4F66-A478-0CE6B5DE0EEE}.Debug|Any CPU.Build.0 = Debug|Any CPU
		{122FC192-240C-4F66-A478-0CE6B5DE0EEE}.Debug|x64.ActiveCfg = Debug|Any CPU
		{122FC192-240C-4F66-A478-0CE6B5DE0EEE}.Debug|x64.Build.0 = Debug|Any CPU
		{122FC192-240C-4F66-A478-0CE6B5DE0EEE}.Debug|x86.ActiveCfg = Debug|Any CPU
		{122FC192-240C-4F66-A478-0CE6B5DE0EEE}.Debug|x86.Build.0 = Debug|Any CPU
		{122FC192-240C-4F66-A478-0CE6B5DE0EEE}.Release|Any CPU.ActiveCfg = Release|Any CPU
		{122FC192-240C-4F66-A478-0CE6B5DE0EEE}.Release|Any CPU.Build.0 = Release|Any CPU
		{122FC192-240C-4F66-A478-0CE6B5DE0EEE}.Release|x64.ActiveCfg = Release|Any CPU
		{122FC192-240C-4F66-A478-0CE6B5DE0EEE}.Release|x64.Build.0 = Release|Any CPU
		{122FC192-240C-4F66-A478-0CE6B5DE0EEE}.Release|x86.ActiveCfg = Release|Any CPU
		{122FC192-240C-4F66-A478-0CE6B5DE0EEE}.Release|x86.Build.0 = Release|Any CPU
		{5B1D1F5E-0F45-4BF2-8C24-0AF779A1A866}.Debug|Any CPU.ActiveCfg = Debug|Any CPU
		{5B1D1F5E-0F45-4BF2-8C24-0AF779A1A866}.Debug|Any CPU.Build.0 = Debug|Any CPU
		{5B1D1F5E-0F45-4BF2-8C24-0AF779A1A866}.Debug|x64.ActiveCfg = Debug|Any CPU
		{5B1D1F5E-0F45-4BF2-8C24-0AF779A1A866}.Debug|x64.Build.0 = Debug|Any CPU
		{5B1D1F5E-0F45-4BF2-8C24-0AF779A1A866}.Debug|x86.ActiveCfg = Debug|Any CPU
		{5B1D1F5E-0F45-4BF2-8C24-0AF779A1A866}.Debug|x86.Build.0 = Debug|Any CPU
		{5B1D1F5E-0F45-4BF2-8C24-0AF779A1A866}.Release|Any CPU.ActiveCfg = Release|Any CPU
		{5B1D1F5E-0F45-4BF2-8C24-0AF779A1A866}.Release|Any CPU.Build.0 = Release|Any CPU
		{5B1D1F5E-0F45-4BF2-8C24-0AF779A1A866}.Release|x64.ActiveCfg = Release|Any CPU
		{5B1D1F5E-0F45-4BF2-8C24-0AF779A1A866}.Release|x64.Build.0 = Release|Any CPU
		{5B1D1F5E-0F45-4BF2-8C24-0AF779A1A866}.Release|x86.ActiveCfg = Release|Any CPU
		{5B1D1F5E-0F45-4BF2-8C24-0AF779A1A866}.Release|x86.Build.0 = Release|Any CPU
		{A2B57A38-7916-485A-9724-D342A39E0AAD}.Debug|Any CPU.ActiveCfg = Debug|Any CPU
		{A2B57A38-7916-485A-9724-D342A39E0AAD}.Debug|Any CPU.Build.0 = Debug|Any CPU
		{A2B57A38-7916-485A-9724-D342A39E0AAD}.Debug|x64.ActiveCfg = Debug|Any CPU
		{A2B57A38-7916-485A-9724-D342A39E0AAD}.Debug|x64.Build.0 = Debug|Any CPU
		{A2B57A38-7916-485A-9724-D342A39E0AAD}.Debug|x86.ActiveCfg = Debug|Any CPU
		{A2B57A38-7916-485A-9724-D342A39E0AAD}.Debug|x86.Build.0 = Debug|Any CPU
		{A2B57A38-7916-485A-9724-D342A39E0AAD}.Release|Any CPU.ActiveCfg = Release|Any CPU
		{A2B57A38-7916-485A-9724-D342A39E0AAD}.Release|Any CPU.Build.0 = Release|Any CPU
		{A2B57A38-7916-485A-9724-D342A39E0AAD}.Release|x64.ActiveCfg = Release|Any CPU
		{A2B57A38-7916-485A-9724-D342A39E0AAD}.Release|x64.Build.0 = Release|Any CPU
		{A2B57A38-7916-485A-9724-D342A39E0AAD}.Release|x86.ActiveCfg = Release|Any CPU
		{A2B57A38-7916-485A-9724-D342A39E0AAD}.Release|x86.Build.0 = Release|Any CPU
		{6F450745-0585-455D-B76E-7D59CA97895C}.Debug|Any CPU.ActiveCfg = Debug|Any CPU
		{6F450745-0585-455D-B76E-7D59CA97895C}.Debug|Any CPU.Build.0 = Debug|Any CPU
		{6F450745-0585-455D-B76E-7D59CA97895C}.Debug|x64.ActiveCfg = Debug|Any CPU
		{6F450745-0585-455D-B76E-7D59CA97895C}.Debug|x64.Build.0 = Debug|Any CPU
		{6F450745-0585-455D-B76E-7D59CA97895C}.Debug|x86.ActiveCfg = Debug|Any CPU
		{6F450745-0585-455D-B76E-7D59CA97895C}.Debug|x86.Build.0 = Debug|Any CPU
		{6F450745-0585-455D-B76E-7D59CA97895C}.Release|Any CPU.ActiveCfg = Release|Any CPU
		{6F450745-0585-455D-B76E-7D59CA97895C}.Release|Any CPU.Build.0 = Release|Any CPU
		{6F450745-0585-455D-B76E-7D59CA97895C}.Release|x64.ActiveCfg = Release|Any CPU
		{6F450745-0585-455D-B76E-7D59CA97895C}.Release|x64.Build.0 = Release|Any CPU
		{6F450745-0585-455D-B76E-7D59CA97895C}.Release|x86.ActiveCfg = Release|Any CPU
		{6F450745-0585-455D-B76E-7D59CA97895C}.Release|x86.Build.0 = Release|Any CPU
		{41B4DA70-E050-48C4-8800-6DCF1EBFC1D8}.Debug|Any CPU.ActiveCfg = Debug|Any CPU
		{41B4DA70-E050-48C4-8800-6DCF1EBFC1D8}.Debug|Any CPU.Build.0 = Debug|Any CPU
		{41B4DA70-E050-48C4-8800-6DCF1EBFC1D8}.Debug|x64.ActiveCfg = Debug|Any CPU
		{41B4DA70-E050-48C4-8800-6DCF1EBFC1D8}.Debug|x64.Build.0 = Debug|Any CPU
		{41B4DA70-E050-48C4-8800-6DCF1EBFC1D8}.Debug|x86.ActiveCfg = Debug|Any CPU
		{41B4DA70-E050-48C4-8800-6DCF1EBFC1D8}.Debug|x86.Build.0 = Debug|Any CPU
		{41B4DA70-E050-48C4-8800-6DCF1EBFC1D8}.Release|Any CPU.ActiveCfg = Release|Any CPU
		{41B4DA70-E050-48C4-8800-6DCF1EBFC1D8}.Release|Any CPU.Build.0 = Release|Any CPU
		{41B4DA70-E050-48C4-8800-6DCF1EBFC1D8}.Release|x64.ActiveCfg = Release|Any CPU
		{41B4DA70-E050-48C4-8800-6DCF1EBFC1D8}.Release|x64.Build.0 = Release|Any CPU
		{41B4DA70-E050-48C4-8800-6DCF1EBFC1D8}.Release|x86.ActiveCfg = Release|Any CPU
		{41B4DA70-E050-48C4-8800-6DCF1EBFC1D8}.Release|x86.Build.0 = Release|Any CPU
		{B90A6DA2-A711-4F85-A7E1-2FF86866703C}.Debug|Any CPU.ActiveCfg = Debug|Any CPU
		{B90A6DA2-A711-4F85-A7E1-2FF86866703C}.Debug|Any CPU.Build.0 = Debug|Any CPU
		{B90A6DA2-A711-4F85-A7E1-2FF86866703C}.Debug|x64.ActiveCfg = Debug|Any CPU
		{B90A6DA2-A711-4F85-A7E1-2FF86866703C}.Debug|x64.Build.0 = Debug|Any CPU
		{B90A6DA2-A711-4F85-A7E1-2FF86866703C}.Debug|x86.ActiveCfg = Debug|Any CPU
		{B90A6DA2-A711-4F85-A7E1-2FF86866703C}.Debug|x86.Build.0 = Debug|Any CPU
		{B90A6DA2-A711-4F85-A7E1-2FF86866703C}.Release|Any CPU.ActiveCfg = Release|Any CPU
		{B90A6DA2-A711-4F85-A7E1-2FF86866703C}.Release|Any CPU.Build.0 = Release|Any CPU
		{B90A6DA2-A711-4F85-A7E1-2FF86866703C}.Release|x64.ActiveCfg = Release|Any CPU
		{B90A6DA2-A711-4F85-A7E1-2FF86866703C}.Release|x64.Build.0 = Release|Any CPU
		{B90A6DA2-A711-4F85-A7E1-2FF86866703C}.Release|x86.ActiveCfg = Release|Any CPU
		{B90A6DA2-A711-4F85-A7E1-2FF86866703C}.Release|x86.Build.0 = Release|Any CPU
		{82A3C113-9192-49CF-B92D-60BB90259C26}.Debug|Any CPU.ActiveCfg = Debug|Any CPU
		{82A3C113-9192-49CF-B92D-60BB90259C26}.Debug|Any CPU.Build.0 = Debug|Any CPU
		{82A3C113-9192-49CF-B92D-60BB90259C26}.Debug|x64.ActiveCfg = Debug|Any CPU
		{82A3C113-9192-49CF-B92D-60BB90259C26}.Debug|x64.Build.0 = Debug|Any CPU
		{82A3C113-9192-49CF-B92D-60BB90259C26}.Debug|x86.ActiveCfg = Debug|Any CPU
		{82A3C113-9192-49CF-B92D-60BB90259C26}.Debug|x86.Build.0 = Debug|Any CPU
		{82A3C113-9192-49CF-B92D-60BB90259C26}.Release|Any CPU.ActiveCfg = Release|Any CPU
		{82A3C113-9192-49CF-B92D-60BB90259C26}.Release|Any CPU.Build.0 = Release|Any CPU
		{82A3C113-9192-49CF-B92D-60BB90259C26}.Release|x64.ActiveCfg = Release|Any CPU
		{82A3C113-9192-49CF-B92D-60BB90259C26}.Release|x64.Build.0 = Release|Any CPU
		{82A3C113-9192-49CF-B92D-60BB90259C26}.Release|x86.ActiveCfg = Release|Any CPU
		{82A3C113-9192-49CF-B92D-60BB90259C26}.Release|x86.Build.0 = Release|Any CPU
		{94480D3A-93BA-49D0-8C44-402AE8BBF404}.Debug|Any CPU.ActiveCfg = Debug|Any CPU
		{94480D3A-93BA-49D0-8C44-402AE8BBF404}.Debug|Any CPU.Build.0 = Debug|Any CPU
		{94480D3A-93BA-49D0-8C44-402AE8BBF404}.Debug|x64.ActiveCfg = Debug|Any CPU
		{94480D3A-93BA-49D0-8C44-402AE8BBF404}.Debug|x64.Build.0 = Debug|Any CPU
		{94480D3A-93BA-49D0-8C44-402AE8BBF404}.Debug|x86.ActiveCfg = Debug|Any CPU
		{94480D3A-93BA-49D0-8C44-402AE8BBF404}.Debug|x86.Build.0 = Debug|Any CPU
		{94480D3A-93BA-49D0-8C44-402AE8BBF404}.Release|Any CPU.ActiveCfg = Release|Any CPU
		{94480D3A-93BA-49D0-8C44-402AE8BBF404}.Release|Any CPU.Build.0 = Release|Any CPU
		{94480D3A-93BA-49D0-8C44-402AE8BBF404}.Release|x64.ActiveCfg = Release|Any CPU
		{94480D3A-93BA-49D0-8C44-402AE8BBF404}.Release|x64.Build.0 = Release|Any CPU
		{94480D3A-93BA-49D0-8C44-402AE8BBF404}.Release|x86.ActiveCfg = Release|Any CPU
		{94480D3A-93BA-49D0-8C44-402AE8BBF404}.Release|x86.Build.0 = Release|Any CPU
		{14CDEC22-86E1-4BE4-B660-84B52584247E}.Debug|Any CPU.ActiveCfg = Debug|Any CPU
		{14CDEC22-86E1-4BE4-B660-84B52584247E}.Debug|Any CPU.Build.0 = Debug|Any CPU
		{14CDEC22-86E1-4BE4-B660-84B52584247E}.Debug|x64.ActiveCfg = Debug|Any CPU
		{14CDEC22-86E1-4BE4-B660-84B52584247E}.Debug|x64.Build.0 = Debug|Any CPU
		{14CDEC22-86E1-4BE4-B660-84B52584247E}.Debug|x86.ActiveCfg = Debug|Any CPU
		{14CDEC22-86E1-4BE4-B660-84B52584247E}.Debug|x86.Build.0 = Debug|Any CPU
		{14CDEC22-86E1-4BE4-B660-84B52584247E}.Release|Any CPU.ActiveCfg = Release|Any CPU
		{14CDEC22-86E1-4BE4-B660-84B52584247E}.Release|Any CPU.Build.0 = Release|Any CPU
		{14CDEC22-86E1-4BE4-B660-84B52584247E}.Release|x64.ActiveCfg = Release|Any CPU
		{14CDEC22-86E1-4BE4-B660-84B52584247E}.Release|x64.Build.0 = Release|Any CPU
		{14CDEC22-86E1-4BE4-B660-84B52584247E}.Release|x86.ActiveCfg = Release|Any CPU
		{14CDEC22-86E1-4BE4-B660-84B52584247E}.Release|x86.Build.0 = Release|Any CPU
		{ECADE207-8B1A-41C9-882D-3388080CD63A}.Debug|Any CPU.ActiveCfg = Debug|Any CPU
		{ECADE207-8B1A-41C9-882D-3388080CD63A}.Debug|Any CPU.Build.0 = Debug|Any CPU
		{ECADE207-8B1A-41C9-882D-3388080CD63A}.Debug|x64.ActiveCfg = Debug|Any CPU
		{ECADE207-8B1A-41C9-882D-3388080CD63A}.Debug|x64.Build.0 = Debug|Any CPU
		{ECADE207-8B1A-41C9-882D-3388080CD63A}.Debug|x86.ActiveCfg = Debug|Any CPU
		{ECADE207-8B1A-41C9-882D-3388080CD63A}.Debug|x86.Build.0 = Debug|Any CPU
		{ECADE207-8B1A-41C9-882D-3388080CD63A}.Release|Any CPU.ActiveCfg = Release|Any CPU
		{ECADE207-8B1A-41C9-882D-3388080CD63A}.Release|Any CPU.Build.0 = Release|Any CPU
		{ECADE207-8B1A-41C9-882D-3388080CD63A}.Release|x64.ActiveCfg = Release|Any CPU
		{ECADE207-8B1A-41C9-882D-3388080CD63A}.Release|x64.Build.0 = Release|Any CPU
		{ECADE207-8B1A-41C9-882D-3388080CD63A}.Release|x86.ActiveCfg = Release|Any CPU
		{ECADE207-8B1A-41C9-882D-3388080CD63A}.Release|x86.Build.0 = Release|Any CPU
		{F6D7FFF5-CBA8-4AE5-A1E4-60A5A136D0ED}.Debug|Any CPU.ActiveCfg = Debug|Any CPU
		{F6D7FFF5-CBA8-4AE5-A1E4-60A5A136D0ED}.Debug|Any CPU.Build.0 = Debug|Any CPU
		{F6D7FFF5-CBA8-4AE5-A1E4-60A5A136D0ED}.Debug|x64.ActiveCfg = Debug|Any CPU
		{F6D7FFF5-CBA8-4AE5-A1E4-60A5A136D0ED}.Debug|x64.Build.0 = Debug|Any CPU
		{F6D7FFF5-CBA8-4AE5-A1E4-60A5A136D0ED}.Debug|x86.ActiveCfg = Debug|Any CPU
		{F6D7FFF5-CBA8-4AE5-A1E4-60A5A136D0ED}.Debug|x86.Build.0 = Debug|Any CPU
		{F6D7FFF5-CBA8-4AE5-A1E4-60A5A136D0ED}.Release|Any CPU.ActiveCfg = Release|Any CPU
		{F6D7FFF5-CBA8-4AE5-A1E4-60A5A136D0ED}.Release|Any CPU.Build.0 = Release|Any CPU
		{F6D7FFF5-CBA8-4AE5-A1E4-60A5A136D0ED}.Release|x64.ActiveCfg = Release|Any CPU
		{F6D7FFF5-CBA8-4AE5-A1E4-60A5A136D0ED}.Release|x64.Build.0 = Release|Any CPU
		{F6D7FFF5-CBA8-4AE5-A1E4-60A5A136D0ED}.Release|x86.ActiveCfg = Release|Any CPU
		{F6D7FFF5-CBA8-4AE5-A1E4-60A5A136D0ED}.Release|x86.Build.0 = Release|Any CPU
	EndGlobalSection
EndGlobal
